
Microsoft Visual Studio Solution File, Format Version 12.00
# Visual Studio Version 16
VisualStudioVersion = 16.0.29521.150
MinimumVisualStudioVersion = 10.0.40219.1
Project("{9A19103F-16F7-4668-BE54-9A1E7A4F7556}") = "DiskSpeedTest", "DiskSpeedTest\DiskSpeedTest.csproj", "{C6118E5C-1117-4857-B451-05272B9745CD}"
EndProject
Project("{9A19103F-16F7-4668-BE54-9A1E7A4F7556}") = "FileIterationTest", "FileIterationTest\FileIterationTest.csproj", "{4B9F89DB-53A8-40D0-9563-F6276F089150}"
EndProject
Project("{2150E333-8FDC-42A3-9474-1A3956D46DE8}") = "Solution Items", "Solution Items", "{0D426858-8B88-4D49-8585-8EAD4777F157}"
	ProjectSection(SolutionItems) = preProject
		DiskSpeedTest.json = DiskSpeedTest.json
		LICENSE = LICENSE
		README.md = README.md
	EndProjectSection
EndProject
Global
	GlobalSection(SolutionConfigurationPlatforms) = preSolution
		Debug|Any CPU = Debug|Any CPU
		Release|Any CPU = Release|Any CPU
	EndGlobalSection
	GlobalSection(ProjectConfigurationPlatforms) = postSolution
		{C6118E5C-1117-4857-B451-05272B9745CD}.Debug|Any CPU.ActiveCfg = Debug|Any CPU
		{C6118E5C-1117-4857-B451-05272B9745CD}.Debug|Any CPU.Build.0 = Debug|Any CPU
		{C6118E5C-1117-4857-B451-05272B9745CD}.Release|Any CPU.ActiveCfg = Release|Any CPU
		{C6118E5C-1117-4857-B451-05272B9745CD}.Release|Any CPU.Build.0 = Release|Any CPU
		{4B9F89DB-53A8-40D0-9563-F6276F089150}.Debug|Any CPU.ActiveCfg = Debug|Any CPU
		{4B9F89DB-53A8-40D0-9563-F6276F089150}.Debug|Any CPU.Build.0 = Debug|Any CPU
		{4B9F89DB-53A8-40D0-9563-F6276F089150}.Release|Any CPU.ActiveCfg = Release|Any CPU
		{4B9F89DB-53A8-40D0-9563-F6276F089150}.Release|Any CPU.Build.0 = Release|Any CPU
	EndGlobalSection
	GlobalSection(SolutionProperties) = preSolution
		HideSolutionNode = FALSE
	EndGlobalSection
	GlobalSection(ExtensibilityGlobals) = postSolution
		SolutionGuid = {6A74FE7A-C69D-4E75-8FAD-0A169CC6FF46}
	EndGlobalSection
EndGlobal
